
Microsoft Visual Studio Solution File, Format Version 12.00
# Visual Studio Version 17
VisualStudioVersion = 17.3.32922.545
MinimumVisualStudioVersion = 10.0.40219.1
Project("{9A19103F-16F7-4668-BE54-9A1E7A4F7556}") = "Electricity.Api", "Electricity.Api\Electricity.Api.csproj", "{2692AD67-DC75-473C-A3C5-9E9F60AF0746}"
EndProject
Project("{FAE04EC0-301F-11D3-BF4B-00C04F79EFBC}") = "Electricity.Api.Tests", "Electricity.Api.Tests\Electricity.Api.Tests.csproj", "{F61A338A-8A1C-41A3-B4B2-4DA18C0F090D}"
EndProject
Global
	GlobalSection(SolutionConfigurationPlatforms) = preSolution
		Debug|Any CPU = Debug|Any CPU
		Release|Any CPU = Release|Any CPU
	EndGlobalSection
	GlobalSection(ProjectConfigurationPlatforms) = postSolution
		{2692AD67-DC75-473C-A3C5-9E9F60AF0746}.Debug|Any CPU.ActiveCfg = Debug|Any CPU
		{2692AD67-DC75-473C-A3C5-9E9F60AF0746}.Debug|Any CPU.Build.0 = Debug|Any CPU
		{2692AD67-DC75-473C-A3C5-9E9F60AF0746}.Release|Any CPU.ActiveCfg = Release|Any CPU
		{2692AD67-DC75-473C-A3C5-9E9F60AF0746}.Release|Any CPU.Build.0 = Release|Any CPU
		{F61A338A-8A1C-41A3-B4B2-4DA18C0F090D}.Debug|Any CPU.ActiveCfg = Debug|Any CPU
		{F61A338A-8A1C-41A3-B4B2-4DA18C0F090D}.Debug|Any CPU.Build.0 = Debug|Any CPU
		{F61A338A-8A1C-41A3-B4B2-4DA18C0F090D}.Release|Any CPU.ActiveCfg = Release|Any CPU
		{F61A338A-8A1C-41A3-B4B2-4DA18C0F090D}.Release|Any CPU.Build.0 = Release|Any CPU
	EndGlobalSection
	GlobalSection(SolutionProperties) = preSolution
		HideSolutionNode = FALSE
	EndGlobalSection
	GlobalSection(ExtensibilityGlobals) = postSolution
		SolutionGuid = {4BA79D14-D96B-4DD1-B67E-609475E92ACF}
	EndGlobalSection
EndGlobal
